Microsoft Visual Studio Solution File, Format Version 8.00
Project("{8BC9CEB8-8B4A-11D0-8D11-00A0C91BC942}") = "Examples", "Examples.vcproj", "{40BB58CD-C2E9-41A0-B45A-45688F5E1DFD}"
	ProjectSection(ProjectDependencies) = postProject
	EndProjectSection
EndProject
Global
	GlobalSection(SolutionConfiguration) = preSolution
		Debug = Debug
		Release = Release
	EndGlobalSection
	GlobalSection(ProjectConfiguration) = postSolution
		{40BB58CD-C2E9-41A0-B45A-45688F5E1DFD}.Debug.ActiveCfg = Debug|Win32
		{40BB58CD-C2E9-41A0-B45A-45688F5E1DFD}.Debug.Build.0 = Debug|Win32
		{40BB58CD-C2E9-41A0-B45A-45688F5E1DFD}.Release.ActiveCfg = Release|Win32
		{40BB58CD-C2E9-41A0-B45A-45688F5E1DFD}.Release.Build.0 = Release|Win32
	EndGlobalSection
	GlobalSection(ExtensibilityGlobals) = postSolution
	EndGlobalSection
	GlobalSection(ExtensibilityAddIns) = postSolution
	EndGlobalSection
EndGlobal
